
Microsoft Visual Studio Solution File, Format Version 12.00
# Visual Studio Version 17
VisualStudioVersion = 17.8.34309.116
MinimumVisualStudioVersion = 10.0.40219.1
Project("{FAE04EC0-301F-11D3-BF4B-00C04F79EFBC}") = "PhoenixToolkits.EventBus", "PhoenixToolkits.EventBus\PhoenixToolkits.EventBus.csproj", "{C92260D8-F29B-4C1B-8E14-BB71C37A3BED}"
EndProject
Project("{FAE04EC0-301F-11D3-BF4B-00C04F79EFBC}") = "PhoenixToolkits.EventBus.UnitTests", "PhoenixToolkits.EventBus.UnitTests\PhoenixToolkits.EventBus.UnitTests.csproj", "{56CC07E0-D3EF-4118-BC32-93ACD1B30F95}"
EndProject
Project("{2150E333-8FDC-42A3-9474-1A3956D46DE8}") = "方案項目", "方案項目", "{2297AA86-5F3C-4086-B682-EF4F6077DD76}"
	ProjectSection(SolutionItems) = preProject
		.editorconfig = .editorconfig
	EndProjectSection
EndProject
Global
	GlobalSection(SolutionConfigurationPlatforms) = preSolution
		Debug|Any CPU = Debug|Any CPU
		Release|Any CPU = Release|Any CPU
	EndGlobalSection
	GlobalSection(ProjectConfigurationPlatforms) = postSolution
		{C92260D8-F29B-4C1B-8E14-BB71C37A3BED}.Debug|Any CPU.ActiveCfg = Debug|Any CPU
		{C92260D8-F29B-4C1B-8E14-BB71C37A3BED}.Debug|Any CPU.Build.0 = Debug|Any CPU
		{C92260D8-F29B-4C1B-8E14-BB71C37A3BED}.Release|Any CPU.ActiveCfg = Release|Any CPU
		{C92260D8-F29B-4C1B-8E14-BB71C37A3BED}.Release|Any CPU.Build.0 = Release|Any CPU
		{56CC07E0-D3EF-4118-BC32-93ACD1B30F95}.Debug|Any CPU.ActiveCfg = Debug|Any CPU
		{56CC07E0-D3EF-4118-BC32-93ACD1B30F95}.Debug|Any CPU.Build.0 = Debug|Any CPU
		{56CC07E0-D3EF-4118-BC32-93ACD1B30F95}.Release|Any CPU.ActiveCfg = Release|Any CPU
		{56CC07E0-D3EF-4118-BC32-93ACD1B30F95}.Release|Any CPU.Build.0 = Release|Any CPU
	EndGlobalSection
	GlobalSection(SolutionProperties) = preSolution
		HideSolutionNode = FALSE
	EndGlobalSection
	GlobalSection(ExtensibilityGlobals) = postSolution
		SolutionGuid = {93DC57CF-2E8A-4B1B-9C93-441D479BB257}
	EndGlobalSection
EndGlobal
